<?xml version="1.0" encoding="utf-8"?>
<Project ToolsVersion="4.0" xmlns="http://schemas.microsoft.com/developer/msbuild/2003">
  <ItemGroup>
    <Filter Include="Source Files">
      <UniqueIdentifier>{4FC737F1-C7A5-4376-A066-2A32D752A2FF}</UniqueIdentifier>
      <Extensions>cpp;c;cc;cxx;def;odl;idl;hpj;bat;asm;asmx</Extensions>
    </Filter>
    <Filter Include="Header Files">
      <UniqueIdentifier>{93995380-89BD-4b04-88EB-625FBE52EBFB}</UniqueIdentifier>
      <Extensions>h;hh;hpp;hxx;hm;inl;inc;xsd</Extensions>
    </Filter>
    <Filter Include="Resource Files">
      <UniqueIdentifier>{67DA6AB6-F800-4c08-8B7A-83BB121AAD01}</UniqueIdentifier>
      <Extensions>rc;ico;cur;bmp;dlg;rc2;rct;bin;rgs;gif;jpg;jpeg;jpe;resx;tiff;tif;png;wav;mfcribbon-ms</Extensions>
    </Filter>
    <Filter Include="UnitTests">
      <UniqueIdentifier>{449c4698-3fc6-4394-8327-53b97ba1cb3d}</UniqueIdentifier>
    </Filter>
  </ItemGroup>
  <ItemGroup>
    <ClCompile Include="main.c">
      <Filter>Source Files</Filter>
    </ClCompile>
    <ClCompile Include="PredictiveTextEngine\PredictiveTextEngine.c">
      <Filter>Source Files</Filter>
    </ClCompile>
    <ClCompile Include="Libarys\Trie.c">
      <Filter>Source Files</Filter>
    </ClCompile>
    <ClCompile Include="Libarys\Stack.c">
      <Filter>Source Files</Filter>
    </ClCompile>
    <ClCompile Include="UnitTests\Stack_UT.c">
      <Filter>UnitTests</Filter>
    </ClCompile>
    <ClCompile Include="UnitTests\UnitTester.c">
      <Filter>UnitTests</Filter>
    </ClCompile>
    <ClCompile Include="UnitTests\UnitTestRunner.c">
      <Filter>UnitTests</Filter>
    </ClCompile>
    <ClCompile Include="UnitTests\Trie_UT.c">
      <Filter>UnitTests</Filter>
    </ClCompile>
    <ClCompile Include="UnitTests\PredictiveTextEngine_UT.c">
      <Filter>UnitTests</Filter>
    </ClCompile>
  </ItemGroup>
  <ItemGroup>
    <ClInclude Include="PredictiveTextEngine\PredictiveTextEngine.h">
      <Filter>Header Files</Filter>
    </ClInclude>
    <ClInclude Include="Libarys\Trie.h">
      <Filter>Header Files</Filter>
    </ClInclude>
    <ClInclude Include="Libarys\Stack.h">
      <Filter>Header Files</Filter>
    </ClInclude>
    <ClInclude Include="UnitTests\Stack_UT.h">
      <Filter>UnitTests</Filter>
    </ClInclude>
    <ClInclude Include="UnitTests\UnitTester.h">
      <Filter>UnitTests</Filter>
    </ClInclude>
    <ClInclude Include="UnitTests\UnitTestRunner.h">
      <Filter>UnitTests</Filter>
    </ClInclude>
    <ClInclude Include="UnitTests\Trie_UT.h">
      <Filter>UnitTests</Filter>
    </ClInclude>
    <ClInclude Include="UnitTests\PredictiveTextEngine_UT.h">
      <Filter>UnitTests</Filter>
    </ClInclude>
  </ItemGroup>
  <ItemGroup>
    <Text Include="Data\words.txt">
      <Filter>Resource Files</Filter>
    </Text>
    <Text Include="Data\100words.txt">
      <Filter>Resource Files</Filter>
    </Text>
  </ItemGroup>
</Project>